// !$*UTF8*$!
{
	archiveVersion = 1;
	classes = {
	};
	objectVersion = 48;
	objects = {

/* Begin PBXBuildFile section */
		914819AB200E356800CE7C2E /* AppDelegate.swift in Sources */ = {isa = PBXBuildFile; fileRef = 914819AA200E356800CE7C2E /* AppDelegate.swift */; };
		914819AD200E356800CE7C2E /* ViewController.swift in Sources */ = {isa = PBXBuildFile; fileRef = 914819AC200E356800CE7C2E /* ViewController.swift */; };
		914819B0200E356800CE7C2E /* Main.storyboard in Resources */ = {isa = PBXBuildFile; fileRef = 914819AE200E356800CE7C2E /* Main.storyboard */; };
		914819B2200E356800CE7C2E /* Assets.xcassets in Resources */ = {isa = PBXBuildFile; fileRef = 914819B1200E356800CE7C2E /* Assets.xcassets */; };
		914819B5200E356800CE7C2E /* LaunchScreen.storyboard in Resources */ = {isa = PBXBuildFile; fileRef = 914819B3200E356800CE7C2E /* LaunchScreen.storyboard */; };
/* End PBXBuildFile section */

/* Begin PBXFileReference section */
		914819A7200E356800CE7C2E /* pokemonGo.app */ = {isa = PBXFileReference; explicitFileType = wrapper.application; includeInIndex = 0; path = pokemonGo.app; sourceTree = BUILT_PRODUCTS_DIR; };
		914819AA200E356800CE7C2E /* AppDelegate.swift */ = {isa = PBXFileReference; lastKnownFileType = sourcecode.swift; path = AppDelegate.swift; sourceTree = "<group>"; };
		914819AC200E356800CE7C2E /* ViewController.swift */ = {isa = PBXFileReference; lastKnownFileType = sourcecode.swift; path = ViewController.swift; sourceTree = "<group>"; };
		914819AF200E356800CE7C2E /* Base */ = {isa = PBXFileReference; lastKnownFileType = file.storyboard; name = Base; path = Base.lproj/Main.storyboard; sourceTree = "<group>"; };
		914819B1200E356800CE7C2E /* Assets.xcassets */ = {isa = PBXFileReference; lastKnownFileType = folder.assetcatalog; path = Assets.xcassets; sourceTree = "<group>"; };
		914819B4200E356800CE7C2E /* Base */ = {isa = PBXFileReference; lastKnownFileType = file.storyboard; name = Base; path = Base.lproj/LaunchScreen.storyboard; sourceTree = "<group>"; };
		914819B6200E356800CE7C2E /* Info.plist */ = {isa = PBXFileReference; lastKnownFileType = text.plist.xml; path = Info.plist; sourceTree = "<group>"; };
/* End PBXFileReference section */

/* Begin PBXFrameworksBuildPhase section */
		914819A4200E356800CE7C2E /* Frameworks */ = {
			isa = PBXFrameworksBuildPhase;
			buildActionMask = 2147483647;
			files = (
			);
			runOnlyForDeploymentPostprocessing = 0;
		};
/* End PBXFrameworksBuildPhase section */

/* Begin PBXGroup section */
		9148199E200E356800CE7C2E = {
			isa = PBXGroup;
			children = (
				914819A9200E356800CE7C2E /* pokemonGo */,
				914819A8200E356800CE7C2E /* Products */,
			);
			sourceTree = "<group>";
		};
		914819A8200E356800CE7C2E /* Products */ = {
			isa = PBXGroup;
			children = (
				914819A7200E356800CE7C2E /* pokemonGo.app */,
			);
			name = Products;
			sourceTree = "<group>";
		};
		914819A9200E356800CE7C2E /* pokemonGo */ = {
			isa = PBXGroup;
			children = (
				914819AA200E356800CE7C2E /* AppDelegate.swift */,
				914819AC200E356800CE7C2E /* ViewController.swift */,
				914819AE200E356800CE7C2E /* Main.storyboard */,
				914819B1200E356800CE7C2E /* Assets.xcassets */,
				914819B3200E356800CE7C2E /* LaunchScreen.storyboard */,
				914819B6200E356800CE7C2E /* Info.plist */,
			);
			path = pokemonGo;
			sourceTree = "<group>";
		};
/* End PBXGroup section */

/* Begin PBXNativeTarget section */
		914819A6200E356800CE7C2E /* pokemonGo */ = {
			isa = PBXNativeTarget;
			buildConfigurationList = 914819B9200E356800CE7C2E /* Build configuration list for PBXNativeTarget "pokemonGo" */;
			buildPhases = (
				914819A3200E356800CE7C2E /* Sources */,
				914819A4200E356800CE7C2E /* Frameworks */,
				914819A5200E356800CE7C2E /* Resources */,
			);
			buildRules = (
			);
			dependencies = (
			);
			name = pokemonGo;
			productName = pokemonGo;
			productReference = 914819A7200E356800CE7C2E /* pokemonGo.app */;
			productType = "com.apple.product-type.application";
		};
/* End PBXNativeTarget section */

/* Begin PBXProject section */
		9148199F200E356800CE7C2E /* Project object */ = {
			isa = PBXProject;
			attributes = {
				LastSwiftUpdateCheck = 0920;
				LastUpgradeCheck = 0920;
				ORGANIZATIONNAME = NPrasad;
				TargetAttributes = {
					914819A6200E356800CE7C2E = {
						CreatedOnToolsVersion = 9.2;
						ProvisioningStyle = Automatic;
					};
				};
			};
			buildConfigurationList = 914819A2200E356800CE7C2E /* Build configuration list for PBXProject "pokemonGo" */;
			compatibilityVersion = "Xcode 8.0";
			developmentRegion = en;
			hasScannedForEncodings = 0;
			knownRegions = (
				en,
				Base,
			);
			mainGroup = 9148199E200E356800CE7C2E;
			productRefGroup = 914819A8200E356800CE7C2E /* Products */;
			projectDirPath = "";
			projectRoot = "";
			targets = (
				914819A6200E356800CE7C2E /* pokemonGo */,
			);
		};
/* End PBXProject section */

/* Begin PBXResourcesBuildPhase section */
		914819A5200E356800CE7C2E /* Resources */ = {
			isa = PBXResourcesBuildPhase;
			buildActionMask = 2147483647;
			files = (
				914819B5200E356800CE7C2E /* LaunchScreen.storyboard in Resources */,
				914819B2200E356800CE7C2E /* Assets.xcassets in Resources */,
				914819B0200E356800CE7C2E /* Main.storyboard in Resources */,
			);
			runOnlyForDeploymentPostprocessing = 0;
		};
/* End PBXResourcesBuildPhase section */

/* Begin PBXSourcesBuildPhase section */
		914819A3200E356800CE7C2E /* Sources */ = {
			isa = PBXSourcesBuildPhase;
			buildActionMask = 2147483647;
			files = (
				914819AD200E356800CE7C2E /* ViewController.swift in Sources */,
				914819AB200E356800CE7C2E /* AppDelegate.swift in Sources */,
			);
			runOnlyForDeploymentPostprocessing = 0;
		};
/* End PBXSourcesBuildPhase section */

/* Begin PBXVariantGroup section */
		914819AE200E356800CE7C2E /* Main.storyboard */ = {
			isa = PBXVariantGroup;
			children = (
				914819AF200E356800CE7C2E /* Base */,
			);
			name = Main.storyboard;
			sourceTree = "<group>";
		};
		914819B3200E356800CE7C2E /* LaunchScreen.storyboard */ = {
			isa = PBXVariantGroup;
			children = (
				914819B4200E356800CE7C2E /* Base */,
			);
			name = LaunchScreen.storyboard;
			sourceTree = "<group>";
		};
/* End PBXVariantGroup section */

/* Begin XCBuildConfiguration section */
		914819B7200E356800CE7C2E /* Debug */ = {
			isa = XCBuildConfiguration;
			buildSettings = {
				ALWAYS_SEARCH_USER_PATHS = NO;
				CLANG_ANALYZER_NONNULL = YES;
				CLANG_ANALYZER_NUMBER_OBJECT_CONVERSION = YES_AGGRESSIVE;
				CLANG_CXX_LANGUAGE_STANDARD = "gnu++14";
				CLANG_CXX_LIBRARY = "libc++";
				CLANG_ENABLE_MODULES = YES;
				CLANG_ENABLE_OBJC_ARC = YES;
				CLANG_WARN_BLOCK_CAPTURE_AUTORELEASING = YES;
				CLANG_WARN_BOOL_CONVERSION = YES;
				CLANG_WARN_COMMA = YES;
				CLANG_WARN_CONSTANT_CONVERSION = YES;
				CLANG_WARN_DIRECT_OBJC_ISA_USAGE = YES_ERROR;
				CLANG_WARN_DOCUMENTATION_COMMENTS = YES;
				CLANG_WARN_EMPTY_BODY = YES;
				CLANG_WARN_ENUM_CONVERSION = YES;
				CLANG_WARN_INFINITE_RECURSION = YES;
				CLANG_WARN_INT_CONVERSION = YES;
				CLANG_WARN_NON_LITERAL_NULL_CONVERSION = YES;
				CLANG_WARN_OBJC_LITERAL_CONVERSION = YES;
				CLANG_WARN_OBJC_ROOT_CLASS = YES_ERROR;
				CLANG_WARN_RANGE_LOOP_ANALYSIS = YES;
				CLANG_WARN_STRICT_PROTOTYPES = YES;
				CLANG_WARN_SUSPICIOUS_MOVE = YES;
				CLANG_WARN_UNGUARDED_AVAILABILITY = YES_AGGRESSIVE;
				CLANG_WARN_UNREACHABLE_CODE = YES;
				CLANG_WARN__DUPLICATE_METHOD_MATCH = YES;
				CODE_SIGN_IDENTITY = "iPhone Developer";
				COPY_PHASE_STRIP = NO;
				DEBUG_INFORMATION_FORMAT = dwarf;
				ENABLE_STRICT_OBJC_MSGSEND = YES;
				ENABLE_TESTABILITY = YES;
				GCC_C_LANGUAGE_STANDARD = gnu11;
				GCC_DYNAMIC_NO_PIC = NO;
				GCC_NO_COMMON_BLOCKS = YES;
				GCC_OPTIMIZATION_LEVEL = 0;
				GCC_PREPROCESSOR_DEFINITIONS = (
					"DEBUG=1",
					"$(inherited)",
				);
				GCC_WARN_64_TO_32_BIT_CONVERSION = YES;
				GCC_WARN_ABOUT_RETURN_TYPE = YES_ERROR;
				GCC_WARN_UNDECLARED_SELECTOR = YES;
				GCC_WARN_UNINITIALIZED_AUTOS = YES_AGGRESSIVE;
				GCC_WARN_UNUSED_FUNCTION = YES;
				GCC_WARN_UNUSED_VARIABLE = YES;
				IPHONEOS_DEPLOYMENT_TARGET = 11.2;
				MTL_ENABLE_DEBUG_INFO = YES;
				ONLY_ACTIVE_ARCH = YES;
				SDKROOT = iphoneos;
				SWIFT_ACTIVE_COMPILATION_CONDITIONS = DEBUG;
				SWIFT_OPTIMIZATION_LEVEL = "-Onone";
			};
			name = Debug;
		};
		914819B8200E356800CE7C2E /* Release */ = {
			isa = XCBuildConfiguration;
			buildSettings = {
				ALWAYS_SEARCH_USER_PATHS = NO;
				CLANG_ANALYZER_NONNULL = YES;
				CLANG_ANALYZER_NUMBER_OBJECT_CONVERSION = YES_AGGRESSIVE;
				CLANG_CXX_LANGUAGE_STANDARD = "gnu++14";
				CLANG_CXX_LIBRARY = "libc++";
				CLANG_ENABLE_MODULES = YES;
				CLANG_ENABLE_OBJC_ARC = YES;
				CLANG_WARN_BLOCK_CAPTURE_AUTORELEASING = YES;
				CLANG_WARN_BOOL_CONVERSION = YES;
				CLANG_WARN_COMMA = YES;
				CLANG_WARN_CONSTANT_CONVERSION = YES;
				CLANG_WARN_DIRECT_OBJC_ISA_USAGE = YES_ERROR;
				CLANG_WARN_DOCUMENTATION_COMMENTS = YES;
				CLANG_WARN_EMPTY_BODY = YES;
				CLANG_WARN_ENUM_CONVERSION = YES;
				CLANG_WARN_INFINITE_RECURSION = YES;
				CLANG_WARN_INT_CONVERSION = YES;
				CLANG_WARN_NON_LITERAL_NULL_CONVERSION = YES;
				CLANG_WARN_OBJC_LITERAL_CONVERSION = YES;
				CLANG_WARN_OBJC_ROOT_CLASS = YES_ERROR;
				CLANG_WARN_RANGE_LOOP_ANALYSIS = YES;
				CLANG_WARN_STRICT_PROTOTYPES = YES;
				CLANG_WARN_SUSPICIOUS_MOVE = YES;
				CLANG_WARN_UNGUARDED_AVAILABILITY = YES_AGGRESSIVE;
				CLANG_WARN_UNREACHABLE_CODE = YES;
				CLANG_WARN__DUPLICATE_METHOD_MATCH = YES;
				CODE_SIGN_IDENTITY = "iPhone Developer";
				COPY_PHASE_STRIP = NO;
				DEBUG_INFORMATION_FORMAT = "dwarf-with-dsym";
				ENABLE_NS_ASSERTIONS = NO;
				ENABLE_STRICT_OBJC_MSGSEND = YES;
				GCC_C_LANGUAGE_STANDARD = gnu11;
				GCC_NO_COMMON_BLOCKS = YES;
				GCC_WARN_64_TO_32_BIT_CONVERSION = YES;
				GCC_WARN_ABOUT_RETURN_TYPE = YES_ERROR;
				GCC_WARN_UNDECLARED_SELECTOR = YES;
				GCC_WARN_UNINITIALIZED_AUTOS = YES_AGGRESSIVE;
				GCC_WARN_UNUSED_FUNCTION = YES;
				GCC_WARN_UNUSED_VARIABLE = YES;
				IPHONEOS_DEPLOYMENT_TARGET = 11.2;
				MTL_ENABLE_DEBUG_INFO = NO;
				SDKROOT = iphoneos;
				SWIFT_OPTIMIZATION_LEVEL = "-Owholemodule";
				VALIDATE_PRODUCT = YES;
			};
			name = Release;
		};
		914819BA200E356800CE7C2E /* Debug */ = {
			isa = XCBuildConfiguration;
			buildSettings = {
				ASSETCATALOG_COMPILER_APPICON_NAME = AppIcon;
				CODE_SIGN_STYLE = Automatic;
				INFOPLIST_FILE = pokemonGo/Info.plist;
				LD_RUNPATH_SEARCH_PATHS = "$(inherited) @executable_path/Frameworks";
				PRODUCT_BUNDLE_IDENTIFIER = edu.self.pokemonGo;
				PRODUCT_NAME = "$(TARGET_NAME)";
				SWIFT_VERSION = 4.0;
				TARGETED_DEVICE_FAMILY = "1,2";
			};
			name = Debug;
		};
		914819BB200E356800CE7C2E /* Release */ = {
			isa = XCBuildConfiguration;
			buildSettings = {
				ASSETCATALOG_COMPILER_APPICON_NAME = AppIcon;
				CODE_SIGN_STYLE = Automatic;
				INFOPLIST_FILE = pokemonGo/Info.plist;
				LD_RUNPATH_SEARCH_PATHS = "$(inherited) @executable_path/Frameworks";
				PRODUCT_BUNDLE_IDENTIFIER = edu.self.pokemonGo;
				PRODUCT_NAME = "$(TARGET_NAME)";
				SWIFT_VERSION = 4.0;
				TARGETED_DEVICE_FAMILY = "1,2";
			};
			name = Release;
		};
/* End XCBuildConfiguration section */

/* Begin XCConfigurationList section */
		914819A2200E356800CE7C2E /* Build configuration list for PBXProject "pokemonGo" */ = {
			isa = XCConfigurationList;
			buildConfigurations = (
				914819B7200E356800CE7C2E /* Debug */,
				914819B8200E356800CE7C2E /* Release */,
			);
			defaultConfigurationIsVisible = 0;
			defaultConfigurationName = Release;
		};
		914819B9200E356800CE7C2E /* Build configuration list for PBXNativeTarget "pokemonGo" */ = {
			isa = XCConfigurationList;
			buildConfigurations = (
				914819BA200E356800CE7C2E /* Debug */,
				914819BB200E356800CE7C2E /* Release */,
			);
			defaultConfigurationIsVisible = 0;
			defaultConfigurationName = Release;
		};
/* End XCConfigurationList section */
	};
	rootObject = 9148199F200E356800CE7C2E /* Project object */;
}
